
Microsoft Visual Studio Solution File, Format Version 12.00
# Visual Studio Version 17
VisualStudioVersion = 17.2.32505.173
MinimumVisualStudioVersion = 10.0.40219.1
Project("{8BC9CEB8-8B4A-11D0-8D11-00A0C91BC942}") = "TEST20", "TEST20\TEST20.vcxproj", "{64D5FE42-5CD2-433E-8312-481F5395216D}"
EndProject
Global
	GlobalSection(SolutionConfigurationPlatforms) = preSolution
		Debug|x64 = Debug|x64
		Debug|x86 = Debug|x86
		Release|x64 = Release|x64
		Release|x86 = Release|x86
	EndGlobalSection
	GlobalSection(ProjectConfigurationPlatforms) = postSolution
		{64D5FE42-5CD2-433E-8312-481F5395216D}.Debug|x64.ActiveCfg = Debug|x64
		{64D5FE42-5CD2-433E-8312-481F5395216D}.Debug|x64.Build.0 = Debug|x64
		{64D5FE42-5CD2-433E-8312-481F5395216D}.Debug|x86.ActiveCfg = Debug|Win32
		{64D5FE42-5CD2-433E-8312-481F5395216D}.Debug|x86.Build.0 = Debug|Win32
		{64D5FE42-5CD2-433E-8312-481F5395216D}.Release|x64.ActiveCfg = Release|x64
		{64D5FE42-5CD2-433E-8312-481F5395216D}.Release|x64.Build.0 = Release|x64
		{64D5FE42-5CD2-433E-8312-481F5395216D}.Release|x86.ActiveCfg = Release|Win32
		{64D5FE42-5CD2-433E-8312-481F5395216D}.Release|x86.Build.0 = Release|Win32
	EndGlobalSection
	GlobalSection(SolutionProperties) = preSolution
		HideSolutionNode = FALSE
	EndGlobalSection
	GlobalSection(ExtensibilityGlobals) = postSolution
		SolutionGuid = {AEC9B8DD-2707-44EE-A137-137E2CBC05F7}
	EndGlobalSection
EndGlobal
